// !$*UTF8*$!
{
	archiveVersion = 1;
	classes = {
	};
	objectVersion = 77;
	objects = {

/* Begin PBXBuildFile section */
		EBBFDE452D437FC300125559 /* WidgetKit.framework in Frameworks */ = {isa = PBXBuildFile; fileRef = EBBFDE442D437FC300125559 /* WidgetKit.framework */; };
		EBBFDE472D437FC300125559 /* SwiftUI.framework in Frameworks */ = {isa = PBXBuildFile; fileRef = EBBFDE462D437FC300125559 /* SwiftUI.framework */; };
		EBBFDE542D437FC500125559 /* AppWidgetExtension.appex in Embed Foundation Extensions */ = {isa = PBXBuildFile; fileRef = EBBFDE422D437FC300125559 /* AppWidgetExtension.appex */; settings = {ATTRIBUTES = (RemoveHeadersOnCopy, ); }; };
		EBBFDE902D43833200125559 /* ShareExtension.appex in Embed Foundation Extensions */ = {isa = PBXBuildFile; fileRef = EBBFDE862D43833200125559 /* ShareExtension.appex */; settings = {ATTRIBUTES = (RemoveHeadersOnCopy, ); }; };
/* End PBXBuildFile section */

/* Begin PBXContainerItemProxy section */
		EBBFDE522D437FC500125559 /* PBXContainerItemProxy */ = {
			isa = PBXContainerItemProxy;
			containerPortal = EBBFDE1E2D437F2B00125559 /* Project object */;
			proxyType = 1;
			remoteGlobalIDString = EBBFDE412D437FC300125559;
			remoteInfo = AppWidgetExtension;
		};
		EBBFDE8E2D43833200125559 /* PBXContainerItemProxy */ = {
			isa = PBXContainerItemProxy;
			containerPortal = EBBFDE1E2D437F2B00125559 /* Project object */;
			proxyType = 1;
			remoteGlobalIDString = EBBFDE852D43833200125559;
			remoteInfo = ShareExtension;
		};
/* End PBXContainerItemProxy section */

/* Begin PBXCopyFilesBuildPhase section */
		EBBFDE592D437FC500125559 /* Embed Foundation Extensions */ = {
			isa = PBXCopyFilesBuildPhase;
			buildActionMask = 2147483647;
			dstPath = "";
			dstSubfolderSpec = 13;
			files = (
				EBBFDE902D43833200125559 /* ShareExtension.appex in Embed Foundation Extensions */,
				EBBFDE542D437FC500125559 /* AppWidgetExtension.appex in Embed Foundation Extensions */,
			);
			name = "Embed Foundation Extensions";
			runOnlyForDeploymentPostprocessing = 0;
		};
/* End PBXCopyFilesBuildPhase section */

/* Begin PBXFileReference section */
		EBBFDE262D437F2B00125559 /* AppExntesions.app */ = {isa = PBXFileReference; explicitFileType = wrapper.application; includeInIndex = 0; path = AppExntesions.app; sourceTree = BUILT_PRODUCTS_DIR; };
		EBBFDE422D437FC300125559 /* AppWidgetExtension.appex */ = {isa = PBXFileReference; explicitFileType = "wrapper.app-extension"; includeInIndex = 0; path = AppWidgetExtension.appex; sourceTree = BUILT_PRODUCTS_DIR; };
		EBBFDE442D437FC300125559 /* WidgetKit.framework */ = {isa = PBXFileReference; lastKnownFileType = wrapper.framework; name = WidgetKit.framework; path = System/Library/Frameworks/WidgetKit.framework; sourceTree = SDKROOT; };
		EBBFDE462D437FC300125559 /* SwiftUI.framework */ = {isa = PBXFileReference; lastKnownFileType = wrapper.framework; name = SwiftUI.framework; path = System/Library/Frameworks/SwiftUI.framework; sourceTree = SDKROOT; };
		EBBFDE862D43833200125559 /* ShareExtension.appex */ = {isa = PBXFileReference; explicitFileType = "wrapper.app-extension"; includeInIndex = 0; path = ShareExtension.appex; sourceTree = BUILT_PRODUCTS_DIR; };
/* End PBXFileReference section */

/* Begin PBXFileSystemSynchronizedBuildFileExceptionSet section */
		EBBFDE382D437F2D00125559 /* Exceptions for "AppExntesions" folder in "AppExntesions" target */ = {
			isa = PBXFileSystemSynchronizedBuildFileExceptionSet;
			membershipExceptions = (
				Info.plist,
			);
			target = EBBFDE252D437F2B00125559 /* AppExntesions */;
		};
		EBBFDE582D437FC500125559 /* Exceptions for "AppWidget" folder in "AppWidgetExtension" target */ = {
			isa = PBXFileSystemSynchronizedBuildFileExceptionSet;
			membershipExceptions = (
				Info.plist,
			);
			target = EBBFDE412D437FC300125559 /* AppWidgetExtension */;
		};
		EBBFDE5B2D437FDB00125559 /* Exceptions for "AppWidget" folder in "AppExntesions" target */ = {
			isa = PBXFileSystemSynchronizedBuildFileExceptionSet;
			membershipExceptions = (
				AppWidgetLiveActivity.swift,
			);
			target = EBBFDE252D437F2B00125559 /* AppExntesions */;
		};
		EBBFDE942D43833200125559 /* Exceptions for "ShareExtension" folder in "ShareExtension" target */ = {
			isa = PBXFileSystemSynchronizedBuildFileExceptionSet;
			membershipExceptions = (
				Info.plist,
			);
			target = EBBFDE852D43833200125559 /* ShareExtension */;
		};
/* End PBXFileSystemSynchronizedBuildFileExceptionSet section */

/* Begin PBXFileSystemSynchronizedRootGroup section */
		EBBFDE282D437F2B00125559 /* AppExntesions */ = {
			isa = PBXFileSystemSynchronizedRootGroup;
			exceptions = (
				EBBFDE382D437F2D00125559 /* Exceptions for "AppExntesions" folder in "AppExntesions" target */,
			);
			path = AppExntesions;
			sourceTree = "<group>";
		};
		EBBFDE482D437FC300125559 /* AppWidget */ = {
			isa = PBXFileSystemSynchronizedRootGroup;
			exceptions = (
				EBBFDE5B2D437FDB00125559 /* Exceptions for "AppWidget" folder in "AppExntesions" target */,
				EBBFDE582D437FC500125559 /* Exceptions for "AppWidget" folder in "AppWidgetExtension" target */,
			);
			path = AppWidget;
			sourceTree = "<group>";
		};
		EBBFDE872D43833200125559 /* ShareExtension */ = {
			isa = PBXFileSystemSynchronizedRootGroup;
			exceptions = (
				EBBFDE942D43833200125559 /* Exceptions for "ShareExtension" folder in "ShareExtension" target */,
			);
			path = ShareExtension;
			sourceTree = "<group>";
		};
/* End PBXFileSystemSynchronizedRootGroup section */

/* Begin PBXFrameworksBuildPhase section */
		EBBFDE232D437F2B00125559 /* Frameworks */ = {
			isa = PBXFrameworksBuildPhase;
			buildActionMask = 2147483647;
			files = (
			);
			runOnlyForDeploymentPostprocessing = 0;
		};
		EBBFDE3F2D437FC300125559 /* Frameworks */ = {
			isa = PBXFrameworksBuildPhase;
			buildActionMask = 2147483647;
			files = (
				EBBFDE472D437FC300125559 /* SwiftUI.framework in Frameworks */,
				EBBFDE452D437FC300125559 /* WidgetKit.framework in Frameworks */,
			);
			runOnlyForDeploymentPostprocessing = 0;
		};
		EBBFDE832D43833200125559 /* Frameworks */ = {
			isa = PBXFrameworksBuildPhase;
			buildActionMask = 2147483647;
			files = (
			);
			runOnlyForDeploymentPostprocessing = 0;
		};
/* End PBXFrameworksBuildPhase section */

/* Begin PBXGroup section */
		EBBFDE1D2D437F2B00125559 = {
			isa = PBXGroup;
			children = (
				EBBFDE282D437F2B00125559 /* AppExntesions */,
				EBBFDE482D437FC300125559 /* AppWidget */,
				EBBFDE872D43833200125559 /* ShareExtension */,
				EBBFDE432D437FC300125559 /* Frameworks */,
				EBBFDE272D437F2B00125559 /* Products */,
			);
			sourceTree = "<group>";
		};
		EBBFDE272D437F2B00125559 /* Products */ = {
			isa = PBXGroup;
			children = (
				EBBFDE262D437F2B00125559 /* AppExntesions.app */,
				EBBFDE422D437FC300125559 /* AppWidgetExtension.appex */,
				EBBFDE862D43833200125559 /* ShareExtension.appex */,
			);
			name = Products;
			sourceTree = "<group>";
		};
		EBBFDE432D437FC300125559 /* Frameworks */ = {
			isa = PBXGroup;
			children = (
				EBBFDE442D437FC300125559 /* WidgetKit.framework */,
				EBBFDE462D437FC300125559 /* SwiftUI.framework */,
			);
			name = Frameworks;
			sourceTree = "<group>";
		};
/* End PBXGroup section */

/* Begin PBXNativeTarget section */
		EBBFDE252D437F2B00125559 /* AppExntesions */ = {
			isa = PBXNativeTarget;
			buildConfigurationList = EBBFDE392D437F2D00125559 /* Build configuration list for PBXNativeTarget "AppExntesions" */;
			buildPhases = (
				EBBFDE222D437F2B00125559 /* Sources */,
				EBBFDE232D437F2B00125559 /* Frameworks */,
				EBBFDE242D437F2B00125559 /* Resources */,
				EBBFDE592D437FC500125559 /* Embed Foundation Extensions */,
			);
			buildRules = (
			);
			dependencies = (
				EBBFDE532D437FC500125559 /* PBXTargetDependency */,
				EBBFDE8F2D43833200125559 /* PBXTargetDependency */,
			);
			fileSystemSynchronizedGroups = (
				EBBFDE282D437F2B00125559 /* AppExntesions */,
			);
			name = AppExntesions;
			packageProductDependencies = (
			);
			productName = AppExntesions;
			productReference = EBBFDE262D437F2B00125559 /* AppExntesions.app */;
			productType = "com.apple.product-type.application";
		};
		EBBFDE412D437FC300125559 /* AppWidgetExtension */ = {
			isa = PBXNativeTarget;
			buildConfigurationList = EBBFDE552D437FC500125559 /* Build configuration list for PBXNativeTarget "AppWidgetExtension" */;
			buildPhases = (
				EBBFDE3E2D437FC300125559 /* Sources */,
				EBBFDE3F2D437FC300125559 /* Frameworks */,
				EBBFDE402D437FC300125559 /* Resources */,
			);
			buildRules = (
			);
			dependencies = (
			);
			fileSystemSynchronizedGroups = (
				EBBFDE482D437FC300125559 /* AppWidget */,
			);
			name = AppWidgetExtension;
			packageProductDependencies = (
			);
			productName = AppWidgetExtension;
			productReference = EBBFDE422D437FC300125559 /* AppWidgetExtension.appex */;
			productType = "com.apple.product-type.app-extension";
		};
		EBBFDE852D43833200125559 /* ShareExtension */ = {
			isa = PBXNativeTarget;
			buildConfigurationList = EBBFDE912D43833200125559 /* Build configuration list for PBXNativeTarget "ShareExtension" */;
			buildPhases = (
				EBBFDE822D43833200125559 /* Sources */,
				EBBFDE832D43833200125559 /* Frameworks */,
				EBBFDE842D43833200125559 /* Resources */,
			);
			buildRules = (
			);
			dependencies = (
			);
			fileSystemSynchronizedGroups = (
				EBBFDE872D43833200125559 /* ShareExtension */,
			);
			name = ShareExtension;
			packageProductDependencies = (
			);
			productName = ShareExtension;
			productReference = EBBFDE862D43833200125559 /* ShareExtension.appex */;
			productType = "com.apple.product-type.app-extension";
		};
/* End PBXNativeTarget section */

/* Begin PBXProject section */
		EBBFDE1E2D437F2B00125559 /* Project object */ = {
			isa = PBXProject;
			attributes = {
				BuildIndependentTargetsInParallel = 1;
				LastSwiftUpdateCheck = 1620;
				LastUpgradeCheck = 1620;
				TargetAttributes = {
					EBBFDE252D437F2B00125559 = {
						CreatedOnToolsVersion = 16.2;
					};
					EBBFDE412D437FC300125559 = {
						CreatedOnToolsVersion = 16.2;
					};
					EBBFDE852D43833200125559 = {
						CreatedOnToolsVersion = 16.2;
					};
				};
			};
			buildConfigurationList = EBBFDE212D437F2B00125559 /* Build configuration list for PBXProject "AppExntesions" */;
			developmentRegion = en;
			hasScannedForEncodings = 0;
			knownRegions = (
				en,
				Base,
			);
			mainGroup = EBBFDE1D2D437F2B00125559;
			minimizedProjectReferenceProxies = 1;
			preferredProjectObjectVersion = 77;
			productRefGroup = EBBFDE272D437F2B00125559 /* Products */;
			projectDirPath = "";
			projectRoot = "";
			targets = (
				EBBFDE252D437F2B00125559 /* AppExntesions */,
				EBBFDE412D437FC300125559 /* AppWidgetExtension */,
				EBBFDE852D43833200125559 /* ShareExtension */,
			);
		};
/* End PBXProject section */

/* Begin PBXResourcesBuildPhase section */
		EBBFDE242D437F2B00125559 /* Resources */ = {
			isa = PBXResourcesBuildPhase;
			buildActionMask = 2147483647;
			files = (
			);
			runOnlyForDeploymentPostprocessing = 0;
		};
		EBBFDE402D437FC300125559 /* Resources */ = {
			isa = PBXResourcesBuildPhase;
			buildActionMask = 2147483647;
			files = (
			);
			runOnlyForDeploymentPostprocessing = 0;
		};
		EBBFDE842D43833200125559 /* Resources */ = {
			isa = PBXResourcesBuildPhase;
			buildActionMask = 2147483647;
			files = (
			);
			runOnlyForDeploymentPostprocessing = 0;
		};
/* End PBXResourcesBuildPhase section */

/* Begin PBXSourcesBuildPhase section */
		EBBFDE222D437F2B00125559 /* Sources */ = {
			isa = PBXSourcesBuildPhase;
			buildActionMask = 2147483647;
			files = (
			);
			runOnlyForDeploymentPostprocessing = 0;
		};
		EBBFDE3E2D437FC300125559 /* Sources */ = {
			isa = PBXSourcesBuildPhase;
			buildActionMask = 2147483647;
			files = (
			);
			runOnlyForDeploymentPostprocessing = 0;
		};
		EBBFDE822D43833200125559 /* Sources */ = {
			isa = PBXSourcesBuildPhase;
			buildActionMask = 2147483647;
			files = (
			);
			runOnlyForDeploymentPostprocessing = 0;
		};
/* End PBXSourcesBuildPhase section */

/* Begin PBXTargetDependency section */
		EBBFDE532D437FC500125559 /* PBXTargetDependency */ = {
			isa = PBXTargetDependency;
			target = EBBFDE412D437FC300125559 /* AppWidgetExtension */;
			targetProxy = EBBFDE522D437FC500125559 /* PBXContainerItemProxy */;
		};
		EBBFDE8F2D43833200125559 /* PBXTargetDependency */ = {
			isa = PBXTargetDependency;
			target = EBBFDE852D43833200125559 /* ShareExtension */;
			targetProxy = EBBFDE8E2D43833200125559 /* PBXContainerItemProxy */;
		};
/* End PBXTargetDependency section */

/* Begin XCBuildConfiguration section */
		EBBFDE3A2D437F2D00125559 /* Debug */ = {
			isa = XCBuildConfiguration;
			buildSettings = {
				ASSETCATALOG_COMPILER_APPICON_NAME = AppIcon;
				ASSETCATALOG_COMPILER_GLOBAL_ACCENT_COLOR_NAME = AccentColor;
				CODE_SIGN_STYLE = Automatic;
				CURRENT_PROJECT_VERSION = 1;
				GENERATE_INFOPLIST_FILE = YES;
				INFOPLIST_FILE = AppExntesions/Info.plist;
				INFOPLIST_KEY_UIApplicationSupportsIndirectInputEvents = YES;
				INFOPLIST_KEY_UILaunchStoryboardName = LaunchScreen;
				INFOPLIST_KEY_UIMainStoryboardFile = Main;
				INFOPLIST_KEY_UISupportedInterfaceOrientations_iPad = "UIInterfaceOrientationPortrait UIInterfaceOrientationPortraitUpsideDown UIInterfaceOrientationLandscapeLeft UIInterfaceOrientationLandscapeRight";
				INFOPLIST_KEY_UISupportedInterfaceOrientations_iPhone = "UIInterfaceOrientationPortrait UIInterfaceOrientationLandscapeLeft UIInterfaceOrientationLandscapeRight";
				LD_RUNPATH_SEARCH_PATHS = (
					"$(inherited)",
					"@executable_path/Frameworks",
				);
				MARKETING_VERSION = 1.0;
				PRODUCT_BUNDLE_IDENTIFIER = com.testSampleApp.AppExntesions;
				PRODUCT_NAME = "$(TARGET_NAME)";
				SWIFT_EMIT_LOC_STRINGS = YES;
				SWIFT_VERSION = 5.0;
				TARGETED_DEVICE_FAMILY = "1,2";
			};
			name = Debug;
		};
		EBBFDE3B2D437F2D00125559 /* Release */ = {
			isa = XCBuildConfiguration;
			buildSettings = {
				ASSETCATALOG_COMPILER_APPICON_NAME = AppIcon;
				ASSETCATALOG_COMPILER_GLOBAL_ACCENT_COLOR_NAME = AccentColor;
				CODE_SIGN_STYLE = Automatic;
				CURRENT_PROJECT_VERSION = 1;
				GENERATE_INFOPLIST_FILE = YES;
				INFOPLIST_FILE = AppExntesions/Info.plist;
				INFOPLIST_KEY_UIApplicationSupportsIndirectInputEvents = YES;
				INFOPLIST_KEY_UILaunchStoryboardName = LaunchScreen;
				INFOPLIST_KEY_UIMainStoryboardFile = Main;
				INFOPLIST_KEY_UISupportedInterfaceOrientations_iPad = "UIInterfaceOrientationPortrait UIInterfaceOrientationPortraitUpsideDown UIInterfaceOrientationLandscapeLeft UIInterfaceOrientationLandscapeRight";
				INFOPLIST_KEY_UISupportedInterfaceOrientations_iPhone = "UIInterfaceOrientationPortrait UIInterfaceOrientationLandscapeLeft UIInterfaceOrientationLandscapeRight";
				LD_RUNPATH_SEARCH_PATHS = (
					"$(inherited)",
					"@executable_path/Frameworks",
				);
				MARKETING_VERSION = 1.0;
				PRODUCT_BUNDLE_IDENTIFIER = com.testSampleApp.AppExntesions;
				PRODUCT_NAME = "$(TARGET_NAME)";
				SWIFT_EMIT_LOC_STRINGS = YES;
				SWIFT_VERSION = 5.0;
				TARGETED_DEVICE_FAMILY = "1,2";
			};
			name = Release;
		};
		EBBFDE3C2D437F2D00125559 /* Debug */ = {
			isa = XCBuildConfiguration;
			buildSettings = {
				ALWAYS_SEARCH_USER_PATHS = NO;
				ASSETCATALOG_COMPILER_GENERATE_SWIFT_ASSET_SYMBOL_EXTENSIONS = YES;
				CLANG_ANALYZER_NONNULL = YES;
				CLANG_ANALYZER_NUMBER_OBJECT_CONVERSION = YES_AGGRESSIVE;
				CLANG_CXX_LANGUAGE_STANDARD = "gnu++20";
				CLANG_ENABLE_MODULES = YES;
				CLANG_ENABLE_OBJC_ARC = YES;
				CLANG_ENABLE_OBJC_WEAK = YES;
				CLANG_WARN_BLOCK_CAPTURE_AUTORELEASING = YES;
				CLANG_WARN_BOOL_CONVERSION = YES;
				CLANG_WARN_COMMA = YES;
				CLANG_WARN_CONSTANT_CONVERSION = YES;
				CLANG_WARN_DEPRECATED_OBJC_IMPLEMENTATIONS = YES;
				CLANG_WARN_DIRECT_OBJC_ISA_USAGE = YES_ERROR;
				CLANG_WARN_DOCUMENTATION_COMMENTS = YES;
				CLANG_WARN_EMPTY_BODY = YES;
				CLANG_WARN_ENUM_CONVERSION = YES;
				CLANG_WARN_INFINITE_RECURSION = YES;
				CLANG_WARN_INT_CONVERSION = YES;
				CLANG_WARN_NON_LITERAL_NULL_CONVERSION = YES;
				CLANG_WARN_OBJC_IMPLICIT_RETAIN_SELF = YES;
				CLANG_WARN_OBJC_LITERAL_CONVERSION = YES;
				CLANG_WARN_OBJC_ROOT_CLASS = YES_ERROR;
				CLANG_WARN_QUOTED_INCLUDE_IN_FRAMEWORK_HEADER = YES;
				CLANG_WARN_RANGE_LOOP_ANALYSIS = YES;
				CLANG_WARN_STRICT_PROTOTYPES = YES;
				CLANG_WARN_SUSPICIOUS_MOVE = YES;
				CLANG_WARN_UNGUARDED_AVAILABILITY = YES_AGGRESSIVE;
				CLANG_WARN_UNREACHABLE_CODE = YES;
				CLANG_WARN__DUPLICATE_METHOD_MATCH = YES;
				COPY_PHASE_STRIP = NO;
				DEBUG_INFORMATION_FORMAT = dwarf;
				ENABLE_STRICT_OBJC_MSGSEND = YES;
				ENABLE_TESTABILITY = YES;
				ENABLE_USER_SCRIPT_SANDBOXING = YES;
				GCC_C_LANGUAGE_STANDARD = gnu17;
				GCC_DYNAMIC_NO_PIC = NO;
				GCC_NO_COMMON_BLOCKS = YES;
				GCC_OPTIMIZATION_LEVEL = 0;
				GCC_PREPROCESSOR_DEFINITIONS = (
					"DEBUG=1",
					"$(inherited)",
				);
				GCC_WARN_64_TO_32_BIT_CONVERSION = YES;
				GCC_WARN_ABOUT_RETURN_TYPE = YES_ERROR;
				GCC_WARN_UNDECLARED_SELECTOR = YES;
				GCC_WARN_UNINITIALIZED_AUTOS = YES_AGGRESSIVE;
				GCC_WARN_UNUSED_FUNCTION = YES;
				GCC_WARN_UNUSED_VARIABLE = YES;
				IPHONEOS_DEPLOYMENT_TARGET = 18.2;
				LOCALIZATION_PREFERS_STRING_CATALOGS = YES;
				MTL_ENABLE_DEBUG_INFO = INCLUDE_SOURCE;
				MTL_FAST_MATH = YES;
				ONLY_ACTIVE_ARCH = YES;
				SDKROOT = iphoneos;
				SWIFT_ACTIVE_COMPILATION_CONDITIONS = "DEBUG $(inherited)";
				SWIFT_OPTIMIZATION_LEVEL = "-Onone";
			};
			name = Debug;
		};
		EBBFDE3D2D437F2D00125559 /* Release */ = {
			isa = XCBuildConfiguration;
			buildSettings = {
				ALWAYS_SEARCH_USER_PATHS = NO;
				ASSETCATALOG_COMPILER_GENERATE_SWIFT_ASSET_SYMBOL_EXTENSIONS = YES;
				CLANG_ANALYZER_NONNULL = YES;
				CLANG_ANALYZER_NUMBER_OBJECT_CONVERSION = YES_AGGRESSIVE;
				CLANG_CXX_LANGUAGE_STANDARD = "gnu++20";
				CLANG_ENABLE_MODULES = YES;
				CLANG_ENABLE_OBJC_ARC = YES;
				CLANG_ENABLE_OBJC_WEAK = YES;
				CLANG_WARN_BLOCK_CAPTURE_AUTORELEASING = YES;
				CLANG_WARN_BOOL_CONVERSION = YES;
				CLANG_WARN_COMMA = YES;
				CLANG_WARN_CONSTANT_CONVERSION = YES;
				CLANG_WARN_DEPRECATED_OBJC_IMPLEMENTATIONS = YES;
				CLANG_WARN_DIRECT_OBJC_ISA_USAGE = YES_ERROR;
				CLANG_WARN_DOCUMENTATION_COMMENTS = YES;
				CLANG_WARN_EMPTY_BODY = YES;
				CLANG_WARN_ENUM_CONVERSION = YES;
				CLANG_WARN_INFINITE_RECURSION = YES;
				CLANG_WARN_INT_CONVERSION = YES;
				CLANG_WARN_NON_LITERAL_NULL_CONVERSION = YES;
				CLANG_WARN_OBJC_IMPLICIT_RETAIN_SELF = YES;
				CLANG_WARN_OBJC_LITERAL_CONVERSION = YES;
				CLANG_WARN_OBJC_ROOT_CLASS = YES_ERROR;
				CLANG_WARN_QUOTED_INCLUDE_IN_FRAMEWORK_HEADER = YES;
				CLANG_WARN_RANGE_LOOP_ANALYSIS = YES;
				CLANG_WARN_STRICT_PROTOTYPES = YES;
				CLANG_WARN_SUSPICIOUS_MOVE = YES;
				CLANG_WARN_UNGUARDED_AVAILABILITY = YES_AGGRESSIVE;
				CLANG_WARN_UNREACHABLE_CODE = YES;
				CLANG_WARN__DUPLICATE_METHOD_MATCH = YES;
				COPY_PHASE_STRIP = NO;
				DEBUG_INFORMATION_FORMAT = "dwarf-with-dsym";
				ENABLE_NS_ASSERTIONS = NO;
				ENABLE_STRICT_OBJC_MSGSEND = YES;
				ENABLE_USER_SCRIPT_SANDBOXING = YES;
				GCC_C_LANGUAGE_STANDARD = gnu17;
				GCC_NO_COMMON_BLOCKS = YES;
				GCC_WARN_64_TO_32_BIT_CONVERSION = YES;
				GCC_WARN_ABOUT_RETURN_TYPE = YES_ERROR;
				GCC_WARN_UNDECLARED_SELECTOR = YES;
				GCC_WARN_UNINITIALIZED_AUTOS = YES_AGGRESSIVE;
				GCC_WARN_UNUSED_FUNCTION = YES;
				GCC_WARN_UNUSED_VARIABLE = YES;
				IPHONEOS_DEPLOYMENT_TARGET = 18.2;
				LOCALIZATION_PREFERS_STRING_CATALOGS = YES;
				MTL_ENABLE_DEBUG_INFO = NO;
				MTL_FAST_MATH = YES;
				SDKROOT = iphoneos;
				SWIFT_COMPILATION_MODE = wholemodule;
				VALIDATE_PRODUCT = YES;
			};
			name = Release;
		};
		EBBFDE562D437FC500125559 /* Debug */ = {
			isa = XCBuildConfiguration;
			buildSettings = {
				ASSETCATALOG_COMPILER_GLOBAL_ACCENT_COLOR_NAME = AccentColor;
				ASSETCATALOG_COMPILER_WIDGET_BACKGROUND_COLOR_NAME = WidgetBackground;
				CODE_SIGN_STYLE = Automatic;
				CURRENT_PROJECT_VERSION = 1;
				GENERATE_INFOPLIST_FILE = YES;
				INFOPLIST_FILE = AppWidget/Info.plist;
				INFOPLIST_KEY_CFBundleDisplayName = AppWidget;
				INFOPLIST_KEY_NSHumanReadableCopyright = "";
				LD_RUNPATH_SEARCH_PATHS = (
					"$(inherited)",
					"@executable_path/Frameworks",
					"@executable_path/../../Frameworks",
				);
				MARKETING_VERSION = 1.0;
				PRODUCT_BUNDLE_IDENTIFIER = com.testSampleApp.AppExntesions.AppWidget;
				PRODUCT_NAME = "$(TARGET_NAME)";
				SKIP_INSTALL = YES;
				SWIFT_EMIT_LOC_STRINGS = YES;
				SWIFT_VERSION = 5.0;
				TARGETED_DEVICE_FAMILY = "1,2";
			};
			name = Debug;
		};
		EBBFDE572D437FC500125559 /* Release */ = {
			isa = XCBuildConfiguration;
			buildSettings = {
				ASSETCATALOG_COMPILER_GLOBAL_ACCENT_COLOR_NAME = AccentColor;
				ASSETCATALOG_COMPILER_WIDGET_BACKGROUND_COLOR_NAME = WidgetBackground;
				CODE_SIGN_STYLE = Automatic;
				CURRENT_PROJECT_VERSION = 1;
				GENERATE_INFOPLIST_FILE = YES;
				INFOPLIST_FILE = AppWidget/Info.plist;
				INFOPLIST_KEY_CFBundleDisplayName = AppWidget;
				INFOPLIST_KEY_NSHumanReadableCopyright = "";
				LD_RUNPATH_SEARCH_PATHS = (
					"$(inherited)",
					"@executable_path/Frameworks",
					"@executable_path/../../Frameworks",
				);
				MARKETING_VERSION = 1.0;
				PRODUCT_BUNDLE_IDENTIFIER = com.testSampleApp.AppExntesions.AppWidget;
				PRODUCT_NAME = "$(TARGET_NAME)";
				SKIP_INSTALL = YES;
				SWIFT_EMIT_LOC_STRINGS = YES;
				SWIFT_VERSION = 5.0;
				TARGETED_DEVICE_FAMILY = "1,2";
			};
			name = Release;
		};
		EBBFDE922D43833200125559 /* Debug */ = {
			isa = XCBuildConfiguration;
			buildSettings = {
				CODE_SIGN_STYLE = Automatic;
				CURRENT_PROJECT_VERSION = 1;
				GENERATE_INFOPLIST_FILE = YES;
				INFOPLIST_FILE = ShareExtension/Info.plist;
				INFOPLIST_KEY_CFBundleDisplayName = ShareExtension;
				INFOPLIST_KEY_NSHumanReadableCopyright = "";
				LD_RUNPATH_SEARCH_PATHS = (
					"$(inherited)",
					"@executable_path/Frameworks",
					"@executable_path/../../Frameworks",
				);
				MARKETING_VERSION = 1.0;
				PRODUCT_BUNDLE_IDENTIFIER = com.testSampleApp.AppExntesions.ShareExtension;
				PRODUCT_NAME = "$(TARGET_NAME)";
				SKIP_INSTALL = YES;
				SWIFT_EMIT_LOC_STRINGS = YES;
				SWIFT_VERSION = 5.0;
				TARGETED_DEVICE_FAMILY = "1,2";
			};
			name = Debug;
		};
		EBBFDE932D43833200125559 /* Release */ = {
			isa = XCBuildConfiguration;
			buildSettings = {
				CODE_SIGN_STYLE = Automatic;
				CURRENT_PROJECT_VERSION = 1;
				GENERATE_INFOPLIST_FILE = YES;
				INFOPLIST_FILE = ShareExtension/Info.plist;
				INFOPLIST_KEY_CFBundleDisplayName = ShareExtension;
				INFOPLIST_KEY_NSHumanReadableCopyright = "";
				LD_RUNPATH_SEARCH_PATHS = (
					"$(inherited)",
					"@executable_path/Frameworks",
					"@executable_path/../../Frameworks",
				);
				MARKETING_VERSION = 1.0;
				PRODUCT_BUNDLE_IDENTIFIER = com.testSampleApp.AppExntesions.ShareExtension;
				PRODUCT_NAME = "$(TARGET_NAME)";
				SKIP_INSTALL = YES;
				SWIFT_EMIT_LOC_STRINGS = YES;
				SWIFT_VERSION = 5.0;
				TARGETED_DEVICE_FAMILY = "1,2";
			};
			name = Release;
		};
/* End XCBuildConfiguration section */

/* Begin XCConfigurationList section */
		EBBFDE212D437F2B00125559 /* Build configuration list for PBXProject "AppExntesions" */ = {
			isa = XCConfigurationList;
			buildConfigurations = (
				EBBFDE3C2D437F2D00125559 /* Debug */,
				EBBFDE3D2D437F2D00125559 /* Release */,
			);
			defaultConfigurationIsVisible = 0;
			defaultConfigurationName = Release;
		};
		EBBFDE392D437F2D00125559 /* Build configuration list for PBXNativeTarget "AppExntesions" */ = {
			isa = XCConfigurationList;
			buildConfigurations = (
				EBBFDE3A2D437F2D00125559 /* Debug */,
				EBBFDE3B2D437F2D00125559 /* Release */,
			);
			defaultConfigurationIsVisible = 0;
			defaultConfigurationName = Release;
		};
		EBBFDE552D437FC500125559 /* Build configuration list for PBXNativeTarget "AppWidgetExtension" */ = {
			isa = XCConfigurationList;
			buildConfigurations = (
				EBBFDE562D437FC500125559 /* Debug */,
				EBBFDE572D437FC500125559 /* Release */,
			);
			defaultConfigurationIsVisible = 0;
			defaultConfigurationName = Release;
		};
		EBBFDE912D43833200125559 /* Build configuration list for PBXNativeTarget "ShareExtension" */ = {
			isa = XCConfigurationList;
			buildConfigurations = (
				EBBFDE922D43833200125559 /* Debug */,
				EBBFDE932D43833200125559 /* Release */,
			);
			defaultConfigurationIsVisible = 0;
			defaultConfigurationName = Release;
		};
/* End XCConfigurationList section */
	};
	rootObject = EBBFDE1E2D437F2B00125559 /* Project object */;
}
